
Microsoft Visual Studio Solution File, Format Version 12.00
# Visual Studio Version 17
VisualStudioVersion = 17.2.32516.85
MinimumVisualStudioVersion = 10.0.40219.1
Project("{FAE04EC0-301F-11D3-BF4B-00C04F79EFBC}") = "Crusader Wars", "Crusader Wars\Crusader Wars.csproj", "{4DBBCD93-9794-413E-AE59-FE8D68001588}"
EndProject
Project("{FAE04EC0-301F-11D3-BF4B-00C04F79EFBC}") = "CW-Updater", "CW-Updater\CW-Updater.csproj", "{45877931-33DF-49AA-B585-8D71749023D9}"
EndProject
Global
	GlobalSection(SolutionConfigurationPlatforms) = preSolution
		Debug|Any CPU = Debug|Any CPU
		Release|Any CPU = Release|Any CPU
	EndGlobalSection
	GlobalSection(ProjectConfigurationPlatforms) = postSolution
		{4DBBCD93-9794-413E-AE59-FE8D68001588}.Debug|Any CPU.ActiveCfg = Debug|Any CPU
		{4DBBCD93-9794-413E-AE59-FE8D68001588}.Debug|Any CPU.Build.0 = Debug|Any CPU
		{4DBBCD93-9794-413E-AE59-FE8D68001588}.Release|Any CPU.ActiveCfg = Release|Any CPU
		{4DBBCD93-9794-413E-AE59-FE8D68001588}.Release|Any CPU.Build.0 = Release|Any CPU
		{45877931-33DF-49AA-B585-8D71749023D9}.Debug|Any CPU.ActiveCfg = Debug|Any CPU
		{45877931-33DF-49AA-B585-8D71749023D9}.Debug|Any CPU.Build.0 = Debug|Any CPU
		{45877931-33DF-49AA-B585-8D71749023D9}.Release|Any CPU.ActiveCfg = Release|Any CPU
		{45877931-33DF-49AA-B585-8D71749023D9}.Release|Any CPU.Build.0 = Release|Any CPU
	EndGlobalSection
	GlobalSection(SolutionProperties) = preSolution
		HideSolutionNode = FALSE
	EndGlobalSection
	GlobalSection(ExtensibilityGlobals) = postSolution
		SolutionGuid = {F007DBA9-040F-487C-B926-4B7FE71BC4DD}
	EndGlobalSection
EndGlobal
